{
  "name": "test",
  "version": "1.0.0",
  "lockfileVersion": 1,
  "requires": true,
  "dependencies": {
    "package-version-manager": {
      "version": "file:package-version-manager-1.0.0.tgz",
      "integrity": "sha512-UMppqFYePHbX4ZCI0mwguiOinhcs1LbfeL0q2KDV72R8MvAG6BxZQsAK356kqEHa2IZuQGPPaEkj0mY4182JIw==",
      "dev": true
    }
  }
}
